
Microsoft Visual Studio Solution File, Format Version 12.00
# Visual Studio Version 17
VisualStudioVersion = 17.3.32929.385
MinimumVisualStudioVersion = 10.0.40219.1
Project("{FAE04EC0-301F-11D3-BF4B-00C04F79EFBC}") = "EQKDClient", "EQKDClient\EQKDClient.csproj", "{E6002FAD-30AB-4606-BA96-684C0858F161}"
EndProject
Project("{FAE04EC0-301F-11D3-BF4B-00C04F79EFBC}") = "SecQNet_Library", "SecQNet_Library\SecQNet_Library.csproj", "{5C6E66F9-DACB-42CE-B420-3E708E28FAAF}"
EndProject
Project("{FAE04EC0-301F-11D3-BF4B-00C04F79EFBC}") = "EQKDServer", "EQKDServer\EQKDServer.csproj", "{F43D8793-B0C3-48B9-9C8F-17BEF6413AC7}"
EndProject
Project("{D954291E-2A0B-460D-934E-DC6B0785DB48}") = "Stage_Library", "..\ProjectLibrary\Stage_Library\Stage_Library.shproj", "{105B3F84-F045-4EC7-B75C-DE9A85F2D3E9}"
EndProject
Project("{D954291E-2A0B-460D-934E-DC6B0785DB48}") = "TimeTagger_Library", "..\ProjectLibrary\TimeTagger_Library\TimeTagger_Library.shproj", "{721AF447-1302-4AF1-BC15-B3D878AFBBF8}"
EndProject
Project("{FAE04EC0-301F-11D3-BF4B-00C04F79EFBC}") = "ConsoleTestApp", "ConsoleTestApp\ConsoleTestApp.csproj", "{62168CA7-D0B0-4FDD-8A39-21B8700E34CD}"
EndProject
Project("{FAE04EC0-301F-11D3-BF4B-00C04F79EFBC}") = "QKD_Library", "QKD_Library\QKD_Library.csproj", "{DF65E344-A52A-4D85-AB5D-8509ABC3A9E5}"
EndProject
Project("{9A19103F-16F7-4668-BE54-9A1E7A4F7556}") = "Stage_Library_x64", "..\ProjectLibrary\Stage_Library_x64\Stage_Library_x64.csproj", "{B61F6AE3-55A5-4E34-9C97-06710B0F1D3D}"
EndProject
Project("{FAE04EC0-301F-11D3-BF4B-00C04F79EFBC}") = "Extensions_Library", "..\ProjectLibrary\Extensions_Library\Extensions_Library.csproj", "{A72E8128-6414-4DAD-AA0C-B2F673A90FF8}"
EndProject
Project("{9A19103F-16F7-4668-BE54-9A1E7A4F7556}") = "Controller", "Controller\Controller.csproj", "{DF267971-F1B8-40B7-9691-F416DBB83355}"
EndProject
Project("{9A19103F-16F7-4668-BE54-9A1E7A4F7556}") = "TimeTagger_Library_x64", "..\ProjectLibrary\TimeTagger_Library_x64\TimeTagger_Library_x64.csproj", "{803C4D5F-67F8-494F-92BB-E69000C7E505}"
EndProject
Project("{9A19103F-16F7-4668-BE54-9A1E7A4F7556}") = "Powermeter_Library_x64", "..\ProjectLibrary\Powermeter_Library_x64\Powermeter_Library_x64.csproj", "{6920F7E2-E626-44CD-A7E2-DC2D33A87DF0}"
EndProject
Project("{D954291E-2A0B-460D-934E-DC6B0785DB48}") = "Powermeter_Library", "..\ProjectLibrary\Powermeter_Library\Powermeter_Library.shproj", "{BDA68345-535B-49B1-90A7-584F61A407D6}"
EndProject
Global
	GlobalSection(SolutionConfigurationPlatforms) = preSolution
		Debug|Any CPU = Debug|Any CPU
		Debug|x64 = Debug|x64
		Release|Any CPU = Release|Any CPU
		Release|x64 = Release|x64
	EndGlobalSection
	GlobalSection(ProjectConfigurationPlatforms) = postSolution
		{E6002FAD-30AB-4606-BA96-684C0858F161}.Debug|Any CPU.ActiveCfg = Debug|Any CPU
		{E6002FAD-30AB-4606-BA96-684C0858F161}.Debug|Any CPU.Build.0 = Debug|Any CPU
		{E6002FAD-30AB-4606-BA96-684C0858F161}.Debug|x64.ActiveCfg = Debug|x64
		{E6002FAD-30AB-4606-BA96-684C0858F161}.Debug|x64.Build.0 = Debug|x64
		{E6002FAD-30AB-4606-BA96-684C0858F161}.Release|Any CPU.ActiveCfg = Release|Any CPU
		{E6002FAD-30AB-4606-BA96-684C0858F161}.Release|Any CPU.Build.0 = Release|Any CPU
		{E6002FAD-30AB-4606-BA96-684C0858F161}.Release|x64.ActiveCfg = Release|x64
		{E6002FAD-30AB-4606-BA96-684C0858F161}.Release|x64.Build.0 = Release|x64
		{5C6E66F9-DACB-42CE-B420-3E708E28FAAF}.Debug|Any CPU.ActiveCfg = Debug|Any CPU
		{5C6E66F9-DACB-42CE-B420-3E708E28FAAF}.Debug|Any CPU.Build.0 = Debug|Any CPU
		{5C6E66F9-DACB-42CE-B420-3E708E28FAAF}.Debug|x64.ActiveCfg = Debug|x64
		{5C6E66F9-DACB-42CE-B420-3E708E28FAAF}.Debug|x64.Build.0 = Debug|x64
		{5C6E66F9-DACB-42CE-B420-3E708E28FAAF}.Release|Any CPU.ActiveCfg = Release|Any CPU
		{5C6E66F9-DACB-42CE-B420-3E708E28FAAF}.Release|Any CPU.Build.0 = Release|Any CPU
		{5C6E66F9-DACB-42CE-B420-3E708E28FAAF}.Release|x64.ActiveCfg = Release|x64
		{5C6E66F9-DACB-42CE-B420-3E708E28FAAF}.Release|x64.Build.0 = Release|x64
		{F43D8793-B0C3-48B9-9C8F-17BEF6413AC7}.Debug|Any CPU.ActiveCfg = Debug|Any CPU
		{F43D8793-B0C3-48B9-9C8F-17BEF6413AC7}.Debug|Any CPU.Build.0 = Debug|Any CPU
		{F43D8793-B0C3-48B9-9C8F-17BEF6413AC7}.Debug|x64.ActiveCfg = Debug|x64
		{F43D8793-B0C3-48B9-9C8F-17BEF6413AC7}.Debug|x64.Build.0 = Debug|x64
		{F43D8793-B0C3-48B9-9C8F-17BEF6413AC7}.Release|Any CPU.ActiveCfg = Release|Any CPU
		{F43D8793-B0C3-48B9-9C8F-17BEF6413AC7}.Release|Any CPU.Build.0 = Release|Any CPU
		{F43D8793-B0C3-48B9-9C8F-17BEF6413AC7}.Release|x64.ActiveCfg = Release|Any CPU
		{F43D8793-B0C3-48B9-9C8F-17BEF6413AC7}.Release|x64.Build.0 = Release|Any CPU
		{62168CA7-D0B0-4FDD-8A39-21B8700E34CD}.Debug|Any CPU.ActiveCfg = Debug|Any CPU
		{62168CA7-D0B0-4FDD-8A39-21B8700E34CD}.Debug|Any CPU.Build.0 = Debug|Any CPU
		{62168CA7-D0B0-4FDD-8A39-21B8700E34CD}.Debug|x64.ActiveCfg = Debug|Any CPU
		{62168CA7-D0B0-4FDD-8A39-21B8700E34CD}.Debug|x64.Build.0 = Debug|Any CPU
		{62168CA7-D0B0-4FDD-8A39-21B8700E34CD}.Release|Any CPU.ActiveCfg = Release|Any CPU
		{62168CA7-D0B0-4FDD-8A39-21B8700E34CD}.Release|Any CPU.Build.0 = Release|Any CPU
		{62168CA7-D0B0-4FDD-8A39-21B8700E34CD}.Release|x64.ActiveCfg = Release|Any CPU
		{62168CA7-D0B0-4FDD-8A39-21B8700E34CD}.Release|x64.Build.0 = Release|Any CPU
		{DF65E344-A52A-4D85-AB5D-8509ABC3A9E5}.Debug|Any CPU.ActiveCfg = Debug|Any CPU
		{DF65E344-A52A-4D85-AB5D-8509ABC3A9E5}.Debug|Any CPU.Build.0 = Debug|Any CPU
		{DF65E344-A52A-4D85-AB5D-8509ABC3A9E5}.Debug|x64.ActiveCfg = Debug|x64
		{DF65E344-A52A-4D85-AB5D-8509ABC3A9E5}.Debug|x64.Build.0 = Debug|x64
		{DF65E344-A52A-4D85-AB5D-8509ABC3A9E5}.Release|Any CPU.ActiveCfg = Release|Any CPU
		{DF65E344-A52A-4D85-AB5D-8509ABC3A9E5}.Release|Any CPU.Build.0 = Release|Any CPU
		{DF65E344-A52A-4D85-AB5D-8509ABC3A9E5}.Release|x64.ActiveCfg = Release|x64
		{DF65E344-A52A-4D85-AB5D-8509ABC3A9E5}.Release|x64.Build.0 = Release|x64
		{B61F6AE3-55A5-4E34-9C97-06710B0F1D3D}.Debug|Any CPU.ActiveCfg = Debug|Any CPU
		{B61F6AE3-55A5-4E34-9C97-06710B0F1D3D}.Debug|Any CPU.Build.0 = Debug|Any CPU
		{B61F6AE3-55A5-4E34-9C97-06710B0F1D3D}.Debug|x64.ActiveCfg = Debug|Any CPU
		{B61F6AE3-55A5-4E34-9C97-06710B0F1D3D}.Debug|x64.Build.0 = Debug|Any CPU
		{B61F6AE3-55A5-4E34-9C97-06710B0F1D3D}.Release|Any CPU.ActiveCfg = Release|Any CPU
		{B61F6AE3-55A5-4E34-9C97-06710B0F1D3D}.Release|Any CPU.Build.0 = Release|Any CPU
		{B61F6AE3-55A5-4E34-9C97-06710B0F1D3D}.Release|x64.ActiveCfg = Release|x64
		{B61F6AE3-55A5-4E34-9C97-06710B0F1D3D}.Release|x64.Build.0 = Release|x64
		{A72E8128-6414-4DAD-AA0C-B2F673A90FF8}.Debug|Any CPU.ActiveCfg = Debug|Any CPU
		{A72E8128-6414-4DAD-AA0C-B2F673A90FF8}.Debug|Any CPU.Build.0 = Debug|Any CPU
		{A72E8128-6414-4DAD-AA0C-B2F673A90FF8}.Debug|x64.ActiveCfg = Debug|x64
		{A72E8128-6414-4DAD-AA0C-B2F673A90FF8}.Debug|x64.Build.0 = Debug|x64
		{A72E8128-6414-4DAD-AA0C-B2F673A90FF8}.Release|Any CPU.ActiveCfg = Release|Any CPU
		{A72E8128-6414-4DAD-AA0C-B2F673A90FF8}.Release|Any CPU.Build.0 = Release|Any CPU
		{A72E8128-6414-4DAD-AA0C-B2F673A90FF8}.Release|x64.ActiveCfg = Release|x64
		{A72E8128-6414-4DAD-AA0C-B2F673A90FF8}.Release|x64.Build.0 = Release|x64
		{DF267971-F1B8-40B7-9691-F416DBB83355}.Debug|Any CPU.ActiveCfg = Debug|Any CPU
		{DF267971-F1B8-40B7-9691-F416DBB83355}.Debug|Any CPU.Build.0 = Debug|Any CPU
		{DF267971-F1B8-40B7-9691-F416DBB83355}.Debug|x64.ActiveCfg = Debug|Any CPU
		{DF267971-F1B8-40B7-9691-F416DBB83355}.Debug|x64.Build.0 = Debug|Any CPU
		{DF267971-F1B8-40B7-9691-F416DBB83355}.Release|Any CPU.ActiveCfg = Release|Any CPU
		{DF267971-F1B8-40B7-9691-F416DBB83355}.Release|Any CPU.Build.0 = Release|Any CPU
		{DF267971-F1B8-40B7-9691-F416DBB83355}.Release|x64.ActiveCfg = Release|Any CPU
		{DF267971-F1B8-40B7-9691-F416DBB83355}.Release|x64.Build.0 = Release|Any CPU
		{803C4D5F-67F8-494F-92BB-E69000C7E505}.Debug|Any CPU.ActiveCfg = Debug|Any CPU
		{803C4D5F-67F8-494F-92BB-E69000C7E505}.Debug|Any CPU.Build.0 = Debug|Any CPU
		{803C4D5F-67F8-494F-92BB-E69000C7E505}.Debug|x64.ActiveCfg = Debug|Any CPU
		{803C4D5F-67F8-494F-92BB-E69000C7E505}.Debug|x64.Build.0 = Debug|Any CPU
		{803C4D5F-67F8-494F-92BB-E69000C7E505}.Release|Any CPU.ActiveCfg = Release|Any CPU
		{803C4D5F-67F8-494F-92BB-E69000C7E505}.Release|Any CPU.Build.0 = Release|Any CPU
		{803C4D5F-67F8-494F-92BB-E69000C7E505}.Release|x64.ActiveCfg = Release|Any CPU
		{803C4D5F-67F8-494F-92BB-E69000C7E505}.Release|x64.Build.0 = Release|Any CPU
		{6920F7E2-E626-44CD-A7E2-DC2D33A87DF0}.Debug|Any CPU.ActiveCfg = Debug|Any CPU
		{6920F7E2-E626-44CD-A7E2-DC2D33A87DF0}.Debug|Any CPU.Build.0 = Debug|Any CPU
		{6920F7E2-E626-44CD-A7E2-DC2D33A87DF0}.Debug|x64.ActiveCfg = Debug|Any CPU
		{6920F7E2-E626-44CD-A7E2-DC2D33A87DF0}.Debug|x64.Build.0 = Debug|Any CPU
		{6920F7E2-E626-44CD-A7E2-DC2D33A87DF0}.Release|Any CPU.ActiveCfg = Release|Any CPU
		{6920F7E2-E626-44CD-A7E2-DC2D33A87DF0}.Release|Any CPU.Build.0 = Release|Any CPU
		{6920F7E2-E626-44CD-A7E2-DC2D33A87DF0}.Release|x64.ActiveCfg = Release|Any CPU
		{6920F7E2-E626-44CD-A7E2-DC2D33A87DF0}.Release|x64.Build.0 = Release|Any CPU
	EndGlobalSection
	GlobalSection(SolutionProperties) = preSolution
		HideSolutionNode = FALSE
	EndGlobalSection
	GlobalSection(ExtensibilityGlobals) = postSolution
		SolutionGuid = {6FE6E115-78D5-4C4F-BB91-7183E25C04E2}
	EndGlobalSection
	GlobalSection(SharedMSBuildProjectFiles) = preSolution
		..\ProjectLibrary\Stage_Library\Stage_Library.projitems*{105b3f84-f045-4ec7-b75c-de9a85f2d3e9}*SharedItemsImports = 13
		..\ProjectLibrary\Powermeter_Library\Powermeter_Library.projitems*{6920f7e2-e626-44cd-a7e2-dc2d33a87df0}*SharedItemsImports = 5
		..\ProjectLibrary\TimeTagger_Library\TimeTagger_Library.projitems*{721af447-1302-4af1-bc15-b3d878afbbf8}*SharedItemsImports = 13
		..\ProjectLibrary\TimeTagger_Library\TimeTagger_Library.projitems*{803c4d5f-67f8-494f-92bb-e69000c7e505}*SharedItemsImports = 5
		..\ProjectLibrary\Stage_Library\Stage_Library.projitems*{b61f6ae3-55a5-4e34-9c97-06710b0f1d3d}*SharedItemsImports = 5
		..\ProjectLibrary\Powermeter_Library\Powermeter_Library.projitems*{bda68345-535b-49b1-90a7-584f61a407d6}*SharedItemsImports = 13
	EndGlobalSection
EndGlobal
